// !$*UTF8*$!
{
	archiveVersion = 1;
	classes = {
	};
	objectVersion = 46;
	objects = {

/* Begin PBXBuildFile section */
		133712FF1E9A7062006C23B4 /* LoadViewModel.m in Sources */ = {isa = PBXBuildFile; fileRef = 133712FE1E9A7062006C23B4 /* LoadViewModel.m */; };
		133713081E9B4686006C23B4 /* ScanViewController.m in Sources */ = {isa = PBXBuildFile; fileRef = 133713071E9B4686006C23B4 /* ScanViewController.m */; };
		1337130E1E9B559C006C23B4 /* LoadViewController.m in Sources */ = {isa = PBXBuildFile; fileRef = 1337130D1E9B559C006C23B4 /* LoadViewController.m */; };
		133713111E9B55A4006C23B4 /* DetailViewController.m in Sources */ = {isa = PBXBuildFile; fileRef = 133713101E9B55A4006C23B4 /* DetailViewController.m */; };
		133713141E9B55B9006C23B4 /* DetailViewModel.m in Sources */ = {isa = PBXBuildFile; fileRef = 133713131E9B55B9006C23B4 /* DetailViewModel.m */; };
		133713171E9BCA20006C23B4 /* UIAlertController+ErrorAlert.m in Sources */ = {isa = PBXBuildFile; fileRef = 133713161E9BCA20006C23B4 /* UIAlertController+ErrorAlert.m */; };
		1368FFC01E9A2433005ADA05 /* Book+CoreDataClass.m in Sources */ = {isa = PBXBuildFile; fileRef = 1368FFBD1E9A2433005ADA05 /* Book+CoreDataClass.m */; };
		1368FFC11E9A2433005ADA05 /* Book+CoreDataProperties.m in Sources */ = {isa = PBXBuildFile; fileRef = 1368FFBF1E9A2433005ADA05 /* Book+CoreDataProperties.m */; };
		1368FFC91E9A270B005ADA05 /* ListViewModel.m in Sources */ = {isa = PBXBuildFile; fileRef = 1368FFC81E9A270B005ADA05 /* ListViewModel.m */; };
		1368FFCD1E9A2E32005ADA05 /* Douban.m in Sources */ = {isa = PBXBuildFile; fileRef = 1368FFCC1E9A2E32005ADA05 /* Douban.m */; };
		1368FFD01E9A2E4F005ADA05 /* BookValue.m in Sources */ = {isa = PBXBuildFile; fileRef = 1368FFCF1E9A2E4F005ADA05 /* BookValue.m */; };
		13AACD681E967BBC00A42732 /* main.m in Sources */ = {isa = PBXBuildFile; fileRef = 13AACD671E967BBC00A42732 /* main.m */; };
		13AACD6B1E967BBC00A42732 /* AppDelegate.m in Sources */ = {isa = PBXBuildFile; fileRef = 13AACD6A1E967BBC00A42732 /* AppDelegate.m */; };
		13AACD6E1E967BBC00A42732 /* ListViewController.m in Sources */ = {isa = PBXBuildFile; fileRef = 13AACD6D1E967BBC00A42732 /* ListViewController.m */; };
		13AACD711E967BBC00A42732 /* Main.storyboard in Resources */ = {isa = PBXBuildFile; fileRef = 13AACD6F1E967BBC00A42732 /* Main.storyboard */; };
		13AACD761E967BBC00A42732 /* Assets.xcassets in Resources */ = {isa = PBXBuildFile; fileRef = 13AACD751E967BBC00A42732 /* Assets.xcassets */; };
		13AACD791E967BBC00A42732 /* LaunchScreen.storyboard in Resources */ = {isa = PBXBuildFile; fileRef = 13AACD771E967BBC00A42732 /* LaunchScreen.storyboard */; };
		13AACD841E967BBC00A42732 /* StallTests.m in Sources */ = {isa = PBXBuildFile; fileRef = 13AACD831E967BBC00A42732 /* StallTests.m */; };
		B12741C1EE16F0243A53DA76 /* libPods-Stall.a in Frameworks */ = {isa = PBXBuildFile; fileRef = A86BADF458A7FEBD4286D1E3 /* libPods-Stall.a */; };
/* End PBXBuildFile section */

/* Begin PBXContainerItemProxy section */
		13AACD801E967BBC00A42732 /* PBXContainerItemProxy */ = {
			isa = PBXContainerItemProxy;
			containerPortal = 13AACD5B1E967BBB00A42732 /* Project object */;
			proxyType = 1;
			remoteGlobalIDString = 13AACD621E967BBC00A42732;
			remoteInfo = Stall;
		};
/* End PBXContainerItemProxy section */

/* Begin PBXFileReference section */
		133712FD1E9A7062006C23B4 /* LoadViewModel.h */ = {isa = PBXFileReference; fileEncoding = 4; lastKnownFileType = sourcecode.c.h; path = LoadViewModel.h; sourceTree = "<group>"; };
		133712FE1E9A7062006C23B4 /* LoadViewModel.m */ = {isa = PBXFileReference; fileEncoding = 4; lastKnownFileType = sourcecode.c.objc; path = LoadViewModel.m; sourceTree = "<group>"; };
		133713061E9B4686006C23B4 /* ScanViewController.h */ = {isa = PBXFileReference; fileEncoding = 4; lastKnownFileType = sourcecode.c.h; path = ScanViewController.h; sourceTree = "<group>"; };
		133713071E9B4686006C23B4 /* ScanViewController.m */ = {isa = PBXFileReference; fileEncoding = 4; lastKnownFileType = sourcecode.c.objc; path = ScanViewController.m; sourceTree = "<group>"; };
		1337130C1E9B559C006C23B4 /* LoadViewController.h */ = {isa = PBXFileReference; fileEncoding = 4; lastKnownFileType = sourcecode.c.h; path = LoadViewController.h; sourceTree = "<group>"; };
		1337130D1E9B559C006C23B4 /* LoadViewController.m */ = {isa = PBXFileReference; fileEncoding = 4; lastKnownFileType = sourcecode.c.objc; path = LoadViewController.m; sourceTree = "<group>"; };
		1337130F1E9B55A4006C23B4 /* DetailViewController.h */ = {isa = PBXFileReference; fileEncoding = 4; lastKnownFileType = sourcecode.c.h; path = DetailViewController.h; sourceTree = "<group>"; };
		133713101E9B55A4006C23B4 /* DetailViewController.m */ = {isa = PBXFileReference; fileEncoding = 4; lastKnownFileType = sourcecode.c.objc; path = DetailViewController.m; sourceTree = "<group>"; };
		133713121E9B55B9006C23B4 /* DetailViewModel.h */ = {isa = PBXFileReference; fileEncoding = 4; lastKnownFileType = sourcecode.c.h; path = DetailViewModel.h; sourceTree = "<group>"; };
		133713131E9B55B9006C23B4 /* DetailViewModel.m */ = {isa = PBXFileReference; fileEncoding = 4; lastKnownFileType = sourcecode.c.objc; path = DetailViewModel.m; sourceTree = "<group>"; };
		133713161E9BCA20006C23B4 /* UIAlertController+ErrorAlert.m */ = {isa = PBXFileReference; fileEncoding = 4; lastKnownFileType = sourcecode.c.objc; path = "UIAlertController+ErrorAlert.m"; sourceTree = "<group>"; };
		133713181E9BCB00006C23B4 /* UIAlertController+ErrorAlert.h */ = {isa = PBXFileReference; lastKnownFileType = sourcecode.c.h; path = "UIAlertController+ErrorAlert.h"; sourceTree = "<group>"; };
		1368FFBC1E9A2433005ADA05 /* Book+CoreDataClass.h */ = {isa = PBXFileReference; fileEncoding = 4; lastKnownFileType = sourcecode.c.h; path = "Book+CoreDataClass.h"; sourceTree = "<group>"; };
		1368FFBD1E9A2433005ADA05 /* Book+CoreDataClass.m */ = {isa = PBXFileReference; fileEncoding = 4; lastKnownFileType = sourcecode.c.objc; path = "Book+CoreDataClass.m"; sourceTree = "<group>"; };
		1368FFBE1E9A2433005ADA05 /* Book+CoreDataProperties.h */ = {isa = PBXFileReference; fileEncoding = 4; lastKnownFileType = sourcecode.c.h; path = "Book+CoreDataProperties.h"; sourceTree = "<group>"; };
		1368FFBF1E9A2433005ADA05 /* Book+CoreDataProperties.m */ = {isa = PBXFileReference; fileEncoding = 4; lastKnownFileType = sourcecode.c.objc; path = "Book+CoreDataProperties.m"; sourceTree = "<group>"; };
		1368FFC71E9A270B005ADA05 /* ListViewModel.h */ = {isa = PBXFileReference; fileEncoding = 4; lastKnownFileType = sourcecode.c.h; path = ListViewModel.h; sourceTree = "<group>"; };
		1368FFC81E9A270B005ADA05 /* ListViewModel.m */ = {isa = PBXFileReference; fileEncoding = 4; lastKnownFileType = sourcecode.c.objc; path = ListViewModel.m; sourceTree = "<group>"; };
		1368FFCB1E9A2E32005ADA05 /* Douban.h */ = {isa = PBXFileReference; fileEncoding = 4; lastKnownFileType = sourcecode.c.h; path = Douban.h; sourceTree = "<group>"; };
		1368FFCC1E9A2E32005ADA05 /* Douban.m */ = {isa = PBXFileReference; fileEncoding = 4; lastKnownFileType = sourcecode.c.objc; path = Douban.m; sourceTree = "<group>"; };
		1368FFCE1E9A2E4F005ADA05 /* BookValue.h */ = {isa = PBXFileReference; fileEncoding = 4; lastKnownFileType = sourcecode.c.h; path = BookValue.h; sourceTree = "<group>"; };
		1368FFCF1E9A2E4F005ADA05 /* BookValue.m */ = {isa = PBXFileReference; fileEncoding = 4; lastKnownFileType = sourcecode.c.objc; path = BookValue.m; sourceTree = "<group>"; };
		13AACD631E967BBC00A42732 /* Stall.app */ = {isa = PBXFileReference; explicitFileType = wrapper.application; includeInIndex = 0; path = Stall.app; sourceTree = BUILT_PRODUCTS_DIR; };
		13AACD671E967BBC00A42732 /* main.m */ = {isa = PBXFileReference; lastKnownFileType = sourcecode.c.objc; path = main.m; sourceTree = "<group>"; };
		13AACD691E967BBC00A42732 /* AppDelegate.h */ = {isa = PBXFileReference; lastKnownFileType = sourcecode.c.h; path = AppDelegate.h; sourceTree = "<group>"; };
		13AACD6A1E967BBC00A42732 /* AppDelegate.m */ = {isa = PBXFileReference; lastKnownFileType = sourcecode.c.objc; path = AppDelegate.m; sourceTree = "<group>"; };
		13AACD6C1E967BBC00A42732 /* ListViewController.h */ = {isa = PBXFileReference; lastKnownFileType = sourcecode.c.h; path = ListViewController.h; sourceTree = "<group>"; };
		13AACD6D1E967BBC00A42732 /* ListViewController.m */ = {isa = PBXFileReference; lastKnownFileType = sourcecode.c.objc; path = ListViewController.m; sourceTree = "<group>"; };
		13AACD701E967BBC00A42732 /* Base */ = {isa = PBXFileReference; lastKnownFileType = file.storyboard; name = Base; path = Base.lproj/Main.storyboard; sourceTree = "<group>"; };
		13AACD731E967BBC00A42732 /* Stall.xcdatamodel */ = {isa = PBXFileReference; lastKnownFileType = wrapper.xcdatamodel; path = Stall.xcdatamodel; sourceTree = "<group>"; };
		13AACD751E967BBC00A42732 /* Assets.xcassets */ = {isa = PBXFileReference; lastKnownFileType = folder.assetcatalog; path = Assets.xcassets; sourceTree = "<group>"; };
		13AACD781E967BBC00A42732 /* Base */ = {isa = PBXFileReference; lastKnownFileType = file.storyboard; name = Base; path = Base.lproj/LaunchScreen.storyboard; sourceTree = "<group>"; };
		13AACD7A1E967BBC00A42732 /* Info.plist */ = {isa = PBXFileReference; lastKnownFileType = text.plist.xml; path = Info.plist; sourceTree = "<group>"; };
		13AACD7F1E967BBC00A42732 /* StallTests.xctest */ = {isa = PBXFileReference; explicitFileType = wrapper.cfbundle; includeInIndex = 0; path = StallTests.xctest; sourceTree = BUILT_PRODUCTS_DIR; };
		13AACD831E967BBC00A42732 /* StallTests.m */ = {isa = PBXFileReference; lastKnownFileType = sourcecode.c.objc; path = StallTests.m; sourceTree = "<group>"; };
		13AACD851E967BBC00A42732 /* Info.plist */ = {isa = PBXFileReference; lastKnownFileType = text.plist.xml; path = Info.plist; sourceTree = "<group>"; };
		A86BADF458A7FEBD4286D1E3 /* libPods-Stall.a */ = {isa = PBXFileReference; explicitFileType = archive.ar; includeInIndex = 0; path = "libPods-Stall.a"; sourceTree = BUILT_PRODUCTS_DIR; };
		E7B661C5677CD44B797E716F /* Pods-Stall.debug.xcconfig */ = {isa = PBXFileReference; includeInIndex = 1; lastKnownFileType = text.xcconfig; name = "Pods-Stall.debug.xcconfig"; path = "Pods/Target Support Files/Pods-Stall/Pods-Stall.debug.xcconfig"; sourceTree = "<group>"; };
		FEE1D0273FF2A21F0285F75E /* Pods-Stall.release.xcconfig */ = {isa = PBXFileReference; includeInIndex = 1; lastKnownFileType = text.xcconfig; name = "Pods-Stall.release.xcconfig"; path = "Pods/Target Support Files/Pods-Stall/Pods-Stall.release.xcconfig"; sourceTree = "<group>"; };
/* End PBXFileReference section */

/* Begin PBXFrameworksBuildPhase section */
		13AACD601E967BBC00A42732 /* Frameworks */ = {
			isa = PBXFrameworksBuildPhase;
			buildActionMask = 2147483647;
			files = (
				B12741C1EE16F0243A53DA76 /* libPods-Stall.a in Frameworks */,
			);
			runOnlyForDeploymentPostprocessing = 0;
		};
		13AACD7C1E967BBC00A42732 /* Frameworks */ = {
			isa = PBXFrameworksBuildPhase;
			buildActionMask = 2147483647;
			files = (
			);
			runOnlyForDeploymentPostprocessing = 0;
		};
/* End PBXFrameworksBuildPhase section */

/* Begin PBXGroup section */
		1368FFC21E9A2439005ADA05 /* Model */ = {
			isa = PBXGroup;
			children = (
				13AACD721E967BBC00A42732 /* Stall.xcdatamodeld */,
				1368FFBC1E9A2433005ADA05 /* Book+CoreDataClass.h */,
				1368FFBD1E9A2433005ADA05 /* Book+CoreDataClass.m */,
				1368FFBE1E9A2433005ADA05 /* Book+CoreDataProperties.h */,
				1368FFBF1E9A2433005ADA05 /* Book+CoreDataProperties.m */,
				1368FFCE1E9A2E4F005ADA05 /* BookValue.h */,
				1368FFCF1E9A2E4F005ADA05 /* BookValue.m */,
			);
			name = Model;
			sourceTree = "<group>";
		};
		1368FFC31E9A2674005ADA05 /* View Controllers */ = {
			isa = PBXGroup;
			children = (
				13AACD6C1E967BBC00A42732 /* ListViewController.h */,
				13AACD6D1E967BBC00A42732 /* ListViewController.m */,
				133713061E9B4686006C23B4 /* ScanViewController.h */,
				133713071E9B4686006C23B4 /* ScanViewController.m */,
				1337130C1E9B559C006C23B4 /* LoadViewController.h */,
				1337130D1E9B559C006C23B4 /* LoadViewController.m */,
				1337130F1E9B55A4006C23B4 /* DetailViewController.h */,
				133713101E9B55A4006C23B4 /* DetailViewController.m */,
				133713181E9BCB00006C23B4 /* UIAlertController+ErrorAlert.h */,
				133713161E9BCA20006C23B4 /* UIAlertController+ErrorAlert.m */,
			);
			name = "View Controllers";
			sourceTree = "<group>";
		};
		1368FFC41E9A2685005ADA05 /* View Models */ = {
			isa = PBXGroup;
			children = (
				1368FFC71E9A270B005ADA05 /* ListViewModel.h */,
				1368FFC81E9A270B005ADA05 /* ListViewModel.m */,
				133712FD1E9A7062006C23B4 /* LoadViewModel.h */,
				133712FE1E9A7062006C23B4 /* LoadViewModel.m */,
				133713121E9B55B9006C23B4 /* DetailViewModel.h */,
				133713131E9B55B9006C23B4 /* DetailViewModel.m */,
			);
			name = "View Models";
			sourceTree = "<group>";
		};
		1368FFC51E9A268C005ADA05 /* Views */ = {
			isa = PBXGroup;
			children = (
				13AACD6F1E967BBC00A42732 /* Main.storyboard */,
				13AACD771E967BBC00A42732 /* LaunchScreen.storyboard */,
			);
			name = Views;
			sourceTree = "<group>";
		};
		1368FFC61E9A269F005ADA05 /* App */ = {
			isa = PBXGroup;
			children = (
				13AACD691E967BBC00A42732 /* AppDelegate.h */,
				13AACD6A1E967BBC00A42732 /* AppDelegate.m */,
				13AACD751E967BBC00A42732 /* Assets.xcassets */,
				13AACD7A1E967BBC00A42732 /* Info.plist */,
			);
			name = App;
			sourceTree = "<group>";
		};
		1368FFCA1E9A2E17005ADA05 /* Tools */ = {
			isa = PBXGroup;
			children = (
				1368FFCB1E9A2E32005ADA05 /* Douban.h */,
				1368FFCC1E9A2E32005ADA05 /* Douban.m */,
			);
			name = Tools;
			sourceTree = "<group>";
		};
		13AACD5A1E967BBB00A42732 = {
			isa = PBXGroup;
			children = (
				13AACD651E967BBC00A42732 /* Stall */,
				13AACD821E967BBC00A42732 /* StallTests */,
				13AACD641E967BBC00A42732 /* Products */,
				4BAA96DD3DE59C20FD024B66 /* Pods */,
				5A09575C9B87CE23459502AD /* Frameworks */,
			);
			sourceTree = "<group>";
		};
		13AACD641E967BBC00A42732 /* Products */ = {
			isa = PBXGroup;
			children = (
				13AACD631E967BBC00A42732 /* Stall.app */,
				13AACD7F1E967BBC00A42732 /* StallTests.xctest */,
			);
			name = Products;
			sourceTree = "<group>";
		};
		13AACD651E967BBC00A42732 /* Stall */ = {
			isa = PBXGroup;
			children = (
				1368FFCA1E9A2E17005ADA05 /* Tools */,
				1368FFC21E9A2439005ADA05 /* Model */,
				1368FFC51E9A268C005ADA05 /* Views */,
				1368FFC41E9A2685005ADA05 /* View Models */,
				1368FFC31E9A2674005ADA05 /* View Controllers */,
				1368FFC61E9A269F005ADA05 /* App */,
				13AACD661E967BBC00A42732 /* Supporting Files */,
			);
			path = Stall;
			sourceTree = "<group>";
		};
		13AACD661E967BBC00A42732 /* Supporting Files */ = {
			isa = PBXGroup;
			children = (
				13AACD671E967BBC00A42732 /* main.m */,
			);
			name = "Supporting Files";
			sourceTree = "<group>";
		};
		13AACD821E967BBC00A42732 /* StallTests */ = {
			isa = PBXGroup;
			children = (
				13AACD831E967BBC00A42732 /* StallTests.m */,
				13AACD851E967BBC00A42732 /* Info.plist */,
			);
			path = StallTests;
			sourceTree = "<group>";
		};
		4BAA96DD3DE59C20FD024B66 /* Pods */ = {
			isa = PBXGroup;
			children = (
				E7B661C5677CD44B797E716F /* Pods-Stall.debug.xcconfig */,
				FEE1D0273FF2A21F0285F75E /* Pods-Stall.release.xcconfig */,
			);
			name = Pods;
			sourceTree = "<group>";
		};
		5A09575C9B87CE23459502AD /* Frameworks */ = {
			isa = PBXGroup;
			children = (
				A86BADF458A7FEBD4286D1E3 /* libPods-Stall.a */,
			);
			name = Frameworks;
			sourceTree = "<group>";
		};
/* End PBXGroup section */

/* Begin PBXNativeTarget section */
		13AACD621E967BBC00A42732 /* Stall */ = {
			isa = PBXNativeTarget;
			buildConfigurationList = 13AACD881E967BBC00A42732 /* Build configuration list for PBXNativeTarget "Stall" */;
			buildPhases = (
				C968AC3431DF2F86D5F14D53 /* [CP] Check Pods Manifest.lock */,
				13AACD5F1E967BBC00A42732 /* Sources */,
				13AACD601E967BBC00A42732 /* Frameworks */,
				13AACD611E967BBC00A42732 /* Resources */,
				A11ECEEEAD97A858C189CC24 /* [CP] Embed Pods Frameworks */,
				55F42B65DB43B9E785E011B3 /* [CP] Copy Pods Resources */,
			);
			buildRules = (
			);
			dependencies = (
			);
			name = Stall;
			productName = Stall;
			productReference = 13AACD631E967BBC00A42732 /* Stall.app */;
			productType = "com.apple.product-type.application";
		};
		13AACD7E1E967BBC00A42732 /* StallTests */ = {
			isa = PBXNativeTarget;
			buildConfigurationList = 13AACD8B1E967BBC00A42732 /* Build configuration list for PBXNativeTarget "StallTests" */;
			buildPhases = (
				13AACD7B1E967BBC00A42732 /* Sources */,
				13AACD7C1E967BBC00A42732 /* Frameworks */,
				13AACD7D1E967BBC00A42732 /* Resources */,
			);
			buildRules = (
			);
			dependencies = (
				13AACD811E967BBC00A42732 /* PBXTargetDependency */,
			);
			name = StallTests;
			productName = StallTests;
			productReference = 13AACD7F1E967BBC00A42732 /* StallTests.xctest */;
			productType = "com.apple.product-type.bundle.unit-test";
		};
/* End PBXNativeTarget section */

/* Begin PBXProject section */
		13AACD5B1E967BBB00A42732 /* Project object */ = {
			isa = PBXProject;
			attributes = {
				LastUpgradeCheck = 0830;
				ORGANIZATIONNAME = "Inti Guo";
				TargetAttributes = {
					13AACD621E967BBC00A42732 = {
						CreatedOnToolsVersion = 8.3;
						DevelopmentTeam = 55U5W647LP;
						ProvisioningStyle = Automatic;
					};
					13AACD7E1E967BBC00A42732 = {
						CreatedOnToolsVersion = 8.3;
						DevelopmentTeam = 55U5W647LP;
						ProvisioningStyle = Automatic;
						TestTargetID = 13AACD621E967BBC00A42732;
					};
				};
			};
			buildConfigurationList = 13AACD5E1E967BBC00A42732 /* Build configuration list for PBXProject "Stall" */;
			compatibilityVersion = "Xcode 3.2";
			developmentRegion = English;
			hasScannedForEncodings = 0;
			knownRegions = (
				en,
				Base,
			);
			mainGroup = 13AACD5A1E967BBB00A42732;
			productRefGroup = 13AACD641E967BBC00A42732 /* Products */;
			projectDirPath = "";
			projectRoot = "";
			targets = (
				13AACD621E967BBC00A42732 /* Stall */,
				13AACD7E1E967BBC00A42732 /* StallTests */,
			);
		};
/* End PBXProject section */

/* Begin PBXResourcesBuildPhase section */
		13AACD611E967BBC00A42732 /* Resources */ = {
			isa = PBXResourcesBuildPhase;
			buildActionMask = 2147483647;
			files = (
				13AACD791E967BBC00A42732 /* LaunchScreen.storyboard in Resources */,
				13AACD761E967BBC00A42732 /* Assets.xcassets in Resources */,
				13AACD711E967BBC00A42732 /* Main.storyboard in Resources */,
			);
			runOnlyForDeploymentPostprocessing = 0;
		};
		13AACD7D1E967BBC00A42732 /* Resources */ = {
			isa = PBXResourcesBuildPhase;
			buildActionMask = 2147483647;
			files = (
			);
			runOnlyForDeploymentPostprocessing = 0;
		};
/* End PBXResourcesBuildPhase section */

/* Begin PBXShellScriptBuildPhase section */
		55F42B65DB43B9E785E011B3 /* [CP] Copy Pods Resources */ = {
			isa = PBXShellScriptBuildPhase;
			buildActionMask = 2147483647;
			files = (
			);
			inputPaths = (
			);
			name = "[CP] Copy Pods Resources";
			outputPaths = (
			);
			runOnlyForDeploymentPostprocessing = 0;
			shellPath = /bin/sh;
			shellScript = "\"${SRCROOT}/Pods/Target Support Files/Pods-Stall/Pods-Stall-resources.sh\"\n";
			showEnvVarsInLog = 0;
		};
		A11ECEEEAD97A858C189CC24 /* [CP] Embed Pods Frameworks */ = {
			isa = PBXShellScriptBuildPhase;
			buildActionMask = 2147483647;
			files = (
			);
			inputPaths = (
			);
			name = "[CP] Embed Pods Frameworks";
			outputPaths = (
			);
			runOnlyForDeploymentPostprocessing = 0;
			shellPath = /bin/sh;
			shellScript = "\"${SRCROOT}/Pods/Target Support Files/Pods-Stall/Pods-Stall-frameworks.sh\"\n";
			showEnvVarsInLog = 0;
		};
		C968AC3431DF2F86D5F14D53 /* [CP] Check Pods Manifest.lock */ = {
			isa = PBXShellScriptBuildPhase;
			buildActionMask = 2147483647;
			files = (
			);
			inputPaths = (
			);
			name = "[CP] Check Pods Manifest.lock";
			outputPaths = (
			);
			runOnlyForDeploymentPostprocessing = 0;
			shellPath = /bin/sh;
			shellScript = "diff \"${PODS_ROOT}/../Podfile.lock\" \"${PODS_ROOT}/Manifest.lock\" > /dev/null\nif [ $? != 0 ] ; then\n    # print error to STDERR\n    echo \"error: The sandbox is not in sync with the Podfile.lock. Run 'pod install' or update your CocoaPods installation.\" >&2\n    exit 1\nfi\n";
			showEnvVarsInLog = 0;
		};
/* End PBXShellScriptBuildPhase section */

/* Begin PBXSourcesBuildPhase section */
		13AACD5F1E967BBC00A42732 /* Sources */ = {
			isa = PBXSourcesBuildPhase;
			buildActionMask = 2147483647;
			files = (
				13AACD6E1E967BBC00A42732 /* ListViewController.m in Sources */,
				133713081E9B4686006C23B4 /* ScanViewController.m in Sources */,
				13AACD6B1E967BBC00A42732 /* AppDelegate.m in Sources */,
				133713171E9BCA20006C23B4 /* UIAlertController+ErrorAlert.m in Sources */,
				133713141E9B55B9006C23B4 /* DetailViewModel.m in Sources */,
				1368FFC11E9A2433005ADA05 /* Book+CoreDataProperties.m in Sources */,
				1368FFC91E9A270B005ADA05 /* ListViewModel.m in Sources */,
				1368FFCD1E9A2E32005ADA05 /* Douban.m in Sources */,
				1368FFC01E9A2433005ADA05 /* Book+CoreDataClass.m in Sources */,
				133712FF1E9A7062006C23B4 /* LoadViewModel.m in Sources */,
				1368FFD01E9A2E4F005ADA05 /* BookValue.m in Sources */,
				133713111E9B55A4006C23B4 /* DetailViewController.m in Sources */,
				13AACD681E967BBC00A42732 /* main.m in Sources */,
				1337130E1E9B559C006C23B4 /* LoadViewController.m in Sources */,
			);
			runOnlyForDeploymentPostprocessing = 0;
		};
		13AACD7B1E967BBC00A42732 /* Sources */ = {
			isa = PBXSourcesBuildPhase;
			buildActionMask = 2147483647;
			files = (
				13AACD841E967BBC00A42732 /* StallTests.m in Sources */,
			);
			runOnlyForDeploymentPostprocessing = 0;
		};
/* End PBXSourcesBuildPhase section */

/* Begin PBXTargetDependency section */
		13AACD811E967BBC00A42732 /* PBXTargetDependency */ = {
			isa = PBXTargetDependency;
			target = 13AACD621E967BBC00A42732 /* Stall */;
			targetProxy = 13AACD801E967BBC00A42732 /* PBXContainerItemProxy */;
		};
/* End PBXTargetDependency section */

/* Begin PBXVariantGroup section */
		13AACD6F1E967BBC00A42732 /* Main.storyboard */ = {
			isa = PBXVariantGroup;
			children = (
				13AACD701E967BBC00A42732 /* Base */,
			);
			name = Main.storyboard;
			sourceTree = "<group>";
		};
		13AACD771E967BBC00A42732 /* LaunchScreen.storyboard */ = {
			isa = PBXVariantGroup;
			children = (
				13AACD781E967BBC00A42732 /* Base */,
			);
			name = LaunchScreen.storyboard;
			sourceTree = "<group>";
		};
/* End PBXVariantGroup section */

/* Begin XCBuildConfiguration section */
		13AACD861E967BBC00A42732 /* Debug */ = {
			isa = XCBuildConfiguration;
			buildSettings = {
				ALWAYS_SEARCH_USER_PATHS = NO;
				CLANG_ANALYZER_NONNULL = YES;
				CLANG_ANALYZER_NUMBER_OBJECT_CONVERSION = YES_AGGRESSIVE;
				CLANG_CXX_LANGUAGE_STANDARD = "gnu++0x";
				CLANG_CXX_LIBRARY = "libc++";
				CLANG_ENABLE_MODULES = YES;
				CLANG_ENABLE_OBJC_ARC = YES;
				CLANG_WARN_BOOL_CONVERSION = YES;
				CLANG_WARN_CONSTANT_CONVERSION = YES;
				CLANG_WARN_DIRECT_OBJC_ISA_USAGE = YES_ERROR;
				CLANG_WARN_DOCUMENTATION_COMMENTS = YES;
				CLANG_WARN_EMPTY_BODY = YES;
				CLANG_WARN_ENUM_CONVERSION = YES;
				CLANG_WARN_INFINITE_RECURSION = YES;
				CLANG_WARN_INT_CONVERSION = YES;
				CLANG_WARN_OBJC_ROOT_CLASS = YES_ERROR;
				CLANG_WARN_SUSPICIOUS_MOVE = YES;
				CLANG_WARN_UNREACHABLE_CODE = YES;
				CLANG_WARN__DUPLICATE_METHOD_MATCH = YES;
				"CODE_SIGN_IDENTITY[sdk=iphoneos*]" = "iPhone Developer";
				COPY_PHASE_STRIP = NO;
				DEBUG_INFORMATION_FORMAT = dwarf;
				ENABLE_STRICT_OBJC_MSGSEND = YES;
				ENABLE_TESTABILITY = YES;
				GCC_C_LANGUAGE_STANDARD = gnu99;
				GCC_DYNAMIC_NO_PIC = NO;
				GCC_NO_COMMON_BLOCKS = YES;
				GCC_OPTIMIZATION_LEVEL = 0;
				GCC_PREPROCESSOR_DEFINITIONS = (
					"DEBUG=1",
					"$(inherited)",
				);
				GCC_WARN_64_TO_32_BIT_CONVERSION = YES;
				GCC_WARN_ABOUT_RETURN_TYPE = YES_ERROR;
				GCC_WARN_UNDECLARED_SELECTOR = YES;
				GCC_WARN_UNINITIALIZED_AUTOS = YES_AGGRESSIVE;
				GCC_WARN_UNUSED_FUNCTION = YES;
				GCC_WARN_UNUSED_VARIABLE = YES;
				IPHONEOS_DEPLOYMENT_TARGET = 10.3;
				MTL_ENABLE_DEBUG_INFO = YES;
				ONLY_ACTIVE_ARCH = YES;
				SDKROOT = iphoneos;
			};
			name = Debug;
		};
		13AACD871E967BBC00A42732 /* Release */ = {
			isa = XCBuildConfiguration;
			buildSettings = {
				ALWAYS_SEARCH_USER_PATHS = NO;
				CLANG_ANALYZER_NONNULL = YES;
				CLANG_ANALYZER_NUMBER_OBJECT_CONVERSION = YES_AGGRESSIVE;
				CLANG_CXX_LANGUAGE_STANDARD = "gnu++0x";
				CLANG_CXX_LIBRARY = "libc++";
				CLANG_ENABLE_MODULES = YES;
				CLANG_ENABLE_OBJC_ARC = YES;
				CLANG_WARN_BOOL_CONVERSION = YES;
				CLANG_WARN_CONSTANT_CONVERSION = YES;
				CLANG_WARN_DIRECT_OBJC_ISA_USAGE = YES_ERROR;
				CLANG_WARN_DOCUMENTATION_COMMENTS = YES;
				CLANG_WARN_EMPTY_BODY = YES;
				CLANG_WARN_ENUM_CONVERSION = YES;
				CLANG_WARN_INFINITE_RECURSION = YES;
				CLANG_WARN_INT_CONVERSION = YES;
				CLANG_WARN_OBJC_ROOT_CLASS = YES_ERROR;
				CLANG_WARN_SUSPICIOUS_MOVE = YES;
				CLANG_WARN_UNREACHABLE_CODE = YES;
				CLANG_WARN__DUPLICATE_METHOD_MATCH = YES;
				"CODE_SIGN_IDENTITY[sdk=iphoneos*]" = "iPhone Developer";
				COPY_PHASE_STRIP = NO;
				DEBUG_INFORMATION_FORMAT = "dwarf-with-dsym";
				ENABLE_NS_ASSERTIONS = NO;
				ENABLE_STRICT_OBJC_MSGSEND = YES;
				GCC_C_LANGUAGE_STANDARD = gnu99;
				GCC_NO_COMMON_BLOCKS = YES;
				GCC_WARN_64_TO_32_BIT_CONVERSION = YES;
				GCC_WARN_ABOUT_RETURN_TYPE = YES_ERROR;
				GCC_WARN_UNDECLARED_SELECTOR = YES;
				GCC_WARN_UNINITIALIZED_AUTOS = YES_AGGRESSIVE;
				GCC_WARN_UNUSED_FUNCTION = YES;
				GCC_WARN_UNUSED_VARIABLE = YES;
				IPHONEOS_DEPLOYMENT_TARGET = 10.3;
				MTL_ENABLE_DEBUG_INFO = NO;
				SDKROOT = iphoneos;
				VALIDATE_PRODUCT = YES;
			};
			name = Release;
		};
		13AACD891E967BBC00A42732 /* Debug */ = {
			isa = XCBuildConfiguration;
			baseConfigurationReference = E7B661C5677CD44B797E716F /* Pods-Stall.debug.xcconfig */;
			buildSettings = {
				ASSETCATALOG_COMPILER_APPICON_NAME = AppIcon;
				DEVELOPMENT_TEAM = 55U5W647LP;
				INFOPLIST_FILE = Stall/Info.plist;
				LD_RUNPATH_SEARCH_PATHS = "$(inherited) @executable_path/Frameworks";
				PRODUCT_BUNDLE_IDENTIFIER = com.intii.Stall;
				PRODUCT_NAME = "$(TARGET_NAME)";
			};
			name = Debug;
		};
		13AACD8A1E967BBC00A42732 /* Release */ = {
			isa = XCBuildConfiguration;
			baseConfigurationReference = FEE1D0273FF2A21F0285F75E /* Pods-Stall.release.xcconfig */;
			buildSettings = {
				ASSETCATALOG_COMPILER_APPICON_NAME = AppIcon;
				DEVELOPMENT_TEAM = 55U5W647LP;
				INFOPLIST_FILE = Stall/Info.plist;
				LD_RUNPATH_SEARCH_PATHS = "$(inherited) @executable_path/Frameworks";
				PRODUCT_BUNDLE_IDENTIFIER = com.intii.Stall;
				PRODUCT_NAME = "$(TARGET_NAME)";
			};
			name = Release;
		};
		13AACD8C1E967BBC00A42732 /* Debug */ = {
			isa = XCBuildConfiguration;
			buildSettings = {
				BUNDLE_LOADER = "$(TEST_HOST)";
				DEVELOPMENT_TEAM = 55U5W647LP;
				INFOPLIST_FILE = StallTests/Info.plist;
				LD_RUNPATH_SEARCH_PATHS = "$(inherited) @executable_path/Frameworks @loader_path/Frameworks";
				PRODUCT_BUNDLE_IDENTIFIER = com.intii.StallTests;
				PRODUCT_NAME = "$(TARGET_NAME)";
				TEST_HOST = "$(BUILT_PRODUCTS_DIR)/Stall.app/Stall";
			};
			name = Debug;
		};
		13AACD8D1E967BBC00A42732 /* Release */ = {
			isa = XCBuildConfiguration;
			buildSettings = {
				BUNDLE_LOADER = "$(TEST_HOST)";
				DEVELOPMENT_TEAM = 55U5W647LP;
				INFOPLIST_FILE = StallTests/Info.plist;
				LD_RUNPATH_SEARCH_PATHS = "$(inherited) @executable_path/Frameworks @loader_path/Frameworks";
				PRODUCT_BUNDLE_IDENTIFIER = com.intii.StallTests;
				PRODUCT_NAME = "$(TARGET_NAME)";
				TEST_HOST = "$(BUILT_PRODUCTS_DIR)/Stall.app/Stall";
			};
			name = Release;
		};
/* End XCBuildConfiguration section */

/* Begin XCConfigurationList section */
		13AACD5E1E967BBC00A42732 /* Build configuration list for PBXProject "Stall" */ = {
			isa = XCConfigurationList;
			buildConfigurations = (
				13AACD861E967BBC00A42732 /* Debug */,
				13AACD871E967BBC00A42732 /* Release */,
			);
			defaultConfigurationIsVisible = 0;
			defaultConfigurationName = Release;
		};
		13AACD881E967BBC00A42732 /* Build configuration list for PBXNativeTarget "Stall" */ = {
			isa = XCConfigurationList;
			buildConfigurations = (
				13AACD891E967BBC00A42732 /* Debug */,
				13AACD8A1E967BBC00A42732 /* Release */,
			);
			defaultConfigurationIsVisible = 0;
			defaultConfigurationName = Release;
		};
		13AACD8B1E967BBC00A42732 /* Build configuration list for PBXNativeTarget "StallTests" */ = {
			isa = XCConfigurationList;
			buildConfigurations = (
				13AACD8C1E967BBC00A42732 /* Debug */,
				13AACD8D1E967BBC00A42732 /* Release */,
			);
			defaultConfigurationIsVisible = 0;
			defaultConfigurationName = Release;
		};
/* End XCConfigurationList section */

/* Begin XCVersionGroup section */
		13AACD721E967BBC00A42732 /* Stall.xcdatamodeld */ = {
			isa = XCVersionGroup;
			children = (
				13AACD731E967BBC00A42732 /* Stall.xcdatamodel */,
			);
			currentVersion = 13AACD731E967BBC00A42732 /* Stall.xcdatamodel */;
			path = Stall.xcdatamodeld;
			sourceTree = "<group>";
			versionGroupType = wrapper.xcdatamodel;
		};
/* End XCVersionGroup section */
	};
	rootObject = 13AACD5B1E967BBB00A42732 /* Project object */;
}
